
Microsoft Visual Studio Solution File, Format Version 12.00
# Visual Studio Version 16
VisualStudioVersion = 16.0.29318.209
MinimumVisualStudioVersion = 10.0.40219.1
Project("{FAE04EC0-301F-11D3-BF4B-00C04F79EFBC}") = "robertJanjaninDialogResult", "robertJanjaninDialogResult\robertJanjaninDialogResult.csproj", "{1F153DCF-10EF-450B-AD34-C33632B2815C}"
EndProject
Global
	GlobalSection(SolutionConfigurationPlatforms) = preSolution
		Debug|Any CPU = Debug|Any CPU
		Release|Any CPU = Release|Any CPU
	EndGlobalSection
	GlobalSection(ProjectConfigurationPlatforms) = postSolution
		{1F153DCF-10EF-450B-AD34-C33632B2815C}.Debug|Any CPU.ActiveCfg = Debug|Any CPU
		{1F153DCF-10EF-450B-AD34-C33632B2815C}.Debug|Any CPU.Build.0 = Debug|Any CPU
		{1F153DCF-10EF-450B-AD34-C33632B2815C}.Release|Any CPU.ActiveCfg = Release|Any CPU
		{1F153DCF-10EF-450B-AD34-C33632B2815C}.Release|Any CPU.Build.0 = Release|Any CPU
	EndGlobalSection
	GlobalSection(SolutionProperties) = preSolution
		HideSolutionNode = FALSE
	EndGlobalSection
	GlobalSection(ExtensibilityGlobals) = postSolution
		SolutionGuid = {354765AD-65D3-4550-A414-6CE02FFC7857}
	EndGlobalSection
EndGlobal
